
Microsoft Visual Studio Solution File, Format Version 12.00
# Visual Studio Version 16
VisualStudioVersion = 16.0.34407.143
MinimumVisualStudioVersion = 10.0.40219.1
Project("{FAE04EC0-301F-11D3-BF4B-00C04F79EFBC}") = "Exercicio5", "Exercicio5.csproj", "{3E1EBBB8-82EA-4BC0-B671-38FE89009CC6}"
EndProject
Global
	GlobalSection(SolutionConfigurationPlatforms) = preSolution
		Debug|Any CPU = Debug|Any CPU
		Release|Any CPU = Release|Any CPU
	EndGlobalSection
	GlobalSection(ProjectConfigurationPlatforms) = postSolution
		{3E1EBBB8-82EA-4BC0-B671-38FE89009CC6}.Debug|Any CPU.ActiveCfg = Debug|Any CPU
		{3E1EBBB8-82EA-4BC0-B671-38FE89009CC6}.Debug|Any CPU.Build.0 = Debug|Any CPU
		{3E1EBBB8-82EA-4BC0-B671-38FE89009CC6}.Release|Any CPU.ActiveCfg = Release|Any CPU
		{3E1EBBB8-82EA-4BC0-B671-38FE89009CC6}.Release|Any CPU.Build.0 = Release|Any CPU
	EndGlobalSection
	GlobalSection(SolutionProperties) = preSolution
		HideSolutionNode = FALSE
	EndGlobalSection
	GlobalSection(ExtensibilityGlobals) = postSolution
		SolutionGuid = {83CA758B-A0B3-4E1D-965F-A0F83C7B415C}
	EndGlobalSection
EndGlobal
