
Microsoft Visual Studio Solution File, Format Version 12.00
# Visual Studio Version 16
VisualStudioVersion = 16.0.34407.143
MinimumVisualStudioVersion = 10.0.40219.1
Project("{FAE04EC0-301F-11D3-BF4B-00C04F79EFBC}") = "Exercicio3", "Exercicio3.csproj", "{684D662D-70AA-41E5-806D-9FA26C0AA042}"
EndProject
Global
	GlobalSection(SolutionConfigurationPlatforms) = preSolution
		Debug|Any CPU = Debug|Any CPU
		Release|Any CPU = Release|Any CPU
	EndGlobalSection
	GlobalSection(ProjectConfigurationPlatforms) = postSolution
		{684D662D-70AA-41E5-806D-9FA26C0AA042}.Debug|Any CPU.ActiveCfg = Debug|Any CPU
		{684D662D-70AA-41E5-806D-9FA26C0AA042}.Debug|Any CPU.Build.0 = Debug|Any CPU
		{684D662D-70AA-41E5-806D-9FA26C0AA042}.Release|Any CPU.ActiveCfg = Release|Any CPU
		{684D662D-70AA-41E5-806D-9FA26C0AA042}.Release|Any CPU.Build.0 = Release|Any CPU
	EndGlobalSection
	GlobalSection(SolutionProperties) = preSolution
		HideSolutionNode = FALSE
	EndGlobalSection
	GlobalSection(ExtensibilityGlobals) = postSolution
		SolutionGuid = {966EA4C6-1357-41E9-92CB-BC314585D4F0}
	EndGlobalSection
EndGlobal
